github.com/aarondl/json v0.0.0-20221020222930-8b0db17ef1bf h1:+edM69bH/X6JpYPmJYBRLanAMe1V5yRXYU3hHUovGcE=
github.com/aarondl/json v0.0.0-20221020222930-8b0db17ef1bf/go.mod h1:FZqLhJSj2tg0ZN48GB1zvj00+ZYcHPqgsC7yzcgCq6k=
github.com/aarondl/opt v0.0.0-20240623220848-083f18ab9536 h1:vhpjulzH5Tr4S3uJ3Y/9pNL481kPq5ERj13ceAW0/uE=
github.com/aarondl/opt v0.0.0-20240623220848-083f18ab9536/go.mod h1:l4/5NZtYd/SIohsFhaJQQe+sPOTG22furpZ5FvcYOzk=
github.com/davecgh/go-spew v1.1.0/go.mod h1:J7Y8YcW2NihsgmVo/mv3lAwl/skON4iLHjSsI+c5H38=
github.com/davecgh/go-spew v1.1.1 h1:vj9j/u1bqnvCEfJOwUhtlOARqs3+rkHYY13jYWTU97c=
github.com/davecgh/go-spew v1.1.1/go.mod h1:J7Y8YcW2NihsgmVo/mv3lAwl/skON4iLHjSsI+c5H38=
github.com/jackc/pgpassfile v1.0.0 h1:/6Hmqy13Ss2zCq62VdNG8tM1wchn8zjSGOBJ6icpsIM=
github.com/jackc/pgpassfile v1.0.0/go.mod h1:CEx0iS5ambNFdcRtxPj5JhEz+xB6uRky5eyVu/W2HEg=
github.com/jackc/pgservicefile v0.0.0-20221227161230-091c0ba34f0a h1:bbPeKD0xmW/Y25WS6cokEszi5g+S0QxI/d45PkRi7Nk=
github.com/jackc/pgservicefile v0.0.0-20221227161230-091c0ba34f0a/go.mod h1:5TJZWKEWniPve33vlWYSoGYefn3gLQRzjfDlhSJ9ZKM=
github.com/jackc/pgx/v5 v5.6.0 h1:SWJzexBzPL5jb0GEsrPMLIsi/3jOo7RHlzTjcAeDrPY=
github.com/jackc/pgx/v5 v5.6.0/go.mod h1:DNZ/vlrUnhWCoFGxHAG8U2ljioxukquj7utPDgtQdTw=
github.com/jackc/puddle/v2 v2.2.1 h1:RhxXJtFG022u4ibrCSMSiu5aOq1i77R3OHKNJj77OAk=
github.com/jackc/puddle/v2 v2.2.1/go.mod h1:vriiEXHvEE654aYKXXjOvZM39qJ0q+azkZFrfEOc3H4=
github.com/oklog/ulid/v2 v2.1.0 h1:+9lhoxAP56we25tyYETBBY1YLA2SaoLvUFgrP2miPJU=
github.com/oklog/ulid/v2 v2.1.0/go.mod h1:rcEKHmBBKfef9DhnvX7y1HZBYxjXb0cP5ExxNsTT1QQ=
github.com/pborman/getopt v0.0.0-20170112200414-7148bc3a4c30/go.mod h1:85jBQOZwpVEaDAr341tbn15RS4fCAsIst0qp7i8ex1o=
github.com/pmezard/go-difflib v1.0.0 h1:4DBwDE0NGyQoBHbLQYPwSUPoCMWR5BEzIk/f1lZbAQM=
github.com/pmezard/go-difflib v1.0.0/go.mod h1:iKH77koFhYxTK1pcRnkKkqfTogsbg7gZNVY4sRDYZ/4=
github.com/samber/lo v1.38.1 h1:j2XEAqXKb09Am4ebOg31SpvzUTTs6EN3VfgeLUhPdXM=
github.com/samber/lo v1.38.1/go.mod h1:+m/ZKRl6ClXCE2Lgf3MsQlWfh4bn1bz6CXEOxnEXnEA=
github.com/samber/oops v1.12.1 h1:uY4BvBnb+D4MTQ+gXxTTi4Uw+vUN32LWSVOx1BXPf44=
github.com/samber/oops v1.12.1/go.mod h1:xEXk4BLyqajkvCxzpxBnqfzHzRLFk3+g4E+tOJtOPZY=
github.com/sashabaranov/go-openai v1.26.2 h1:cVlQa3gn3eYqNXRW03pPlpy6zLG52EU4g0FrWXc0EFI=
github.com/sashabaranov/go-openai v1.26.2/go.mod h1:lj5b/K+zjTSFxVLijLSTDZuP7adOgerWeFyZLUhAKRg=
github.com/stretchr/objx v0.1.0/go.mod h1:HFkY916IF+rwdDfMAkV7OtwuqBVzrE8GR6GFx+wExME=
github.com/stretchr/testify v1.3.0/go.mod h1:M5WIy9Dh21IEIfnGCwXGc5bZfKNJtfHm1UVUgZn+9EI=
github.com/stretchr/testify v1.7.0/go.mod h1:6Fq8oRcR53rry900zMqJjRRixrwX3KX962/h/Wwjteg=
github.com/stretchr/testify v1.8.1 h1:w7B6lhMri9wdJUVmEZPGGhZzrYTPvgJArz7wNPgYKsk=
github.com/stretchr/testify v1.8.1/go.mod h1:w2LPCIKwWwSfY2zedu0+kehJoqGctiVI29o6fzry7u4=
github.com/traefik/yaegi v0.16.1 h1:f1De3DVJqIDKmnasUF6MwmWv1dSEEat0wcpXhD2On3E=
github.com/traefik/yaegi v0.16.1/go.mod h1:4eVhbPb3LnD2VigQjhYbEJ69vDRFdT2HQNrXx8eEwUY=
golang.org/x/crypto v0.17.0 h1:r8bRNjWL3GshPW3gkd+RpvzWrZAwPS49OmTGZ/uhM4k=
golang.org/x/crypto v0.17.0/go.mod h1:gCAAfMLgwOJRpTjQ2zCCt2OcSfYMTeZVSRtQlPC7Nq4=
golang.org/x/exp v0.0.0-20220303212507-bbda1eaf7a17 h1:3MTrJm4PyNL9NBqvYDSj3DHl46qQakyfqfWo4jgfaEM=
golang.org/x/exp v0.0.0-20220303212507-bbda1eaf7a17/go.mod h1:lgLbSvA5ygNOMpwM/9anMpWVlVJ7Z+cHWq/eFuinpGE=
golang.org/x/mod v0.18.0 h1:5+9lSbEzPSdWkH32vYPBwEpX8KwDbM52Ud9xBUvNlb0=
golang.org/x/mod v0.18.0/go.mod h1:hTbmBsO62+eylJbnUtE2MGJUyE7QWk4xUqPFrRgJ+7c=
golang.org/x/sync v0.7.0 h1:YsImfSBoP9QPYL0xyKJPq0gcaJdG3rInoqxTWbfQu9M=
golang.org/x/sync v0.7.0/go.mod h1:Czt+wKu1gCyEFDUtn0jG5QVvpJ6rzVqr5aXyt9drQfk=
golang.org/x/text v0.14.0 h1:ScX5w1eTa3QqT8oi6+ziP7dTV1S2+ALU0bI+0zXKWiQ=
golang.org/x/text v0.14.0/go.mod h1:18ZOQIKpY8NJVqYksKHtTdi31H5itFRjB5/qKTNYzSU=
golang.org/x/tools v0.22.0 h1:gqSGLZqv+AI9lIQzniJ0nZDRG5GBPsSi+DRNHWNz6yA=
golang.org/x/tools v0.22.0/go.mod h1:aCwcsjqvq7Yqt6TNyX7QMU2enbQ/Gt0bo6krSeEri+c=
gopkg.in/check.v1 v0.0.0-20161208181325-20d25e280405/go.mod h1:Co6ibVJAznAaIkqp8huTwlJQCZ016jof/cbN4VW5Yz0=
gopkg.in/yaml.v3 v3.0.0-20200313102051-9f266ea9e77c/go.mod h1:K4uyk7z7BCEPqu6E+C64Yfv1cQ7kz7rIZviUmN+EgEM=
gopkg.in/yaml.v3 v3.0.1 h1:fxVm/GzAzEWqLHuvctI91KS9hhNmmWOoWu0XTYJS7CA=
gopkg.in/yaml.v3 v3.0.1/go.mod h1:K4uyk7z7BCEPqu6E+C64Yfv1cQ7kz7rIZviUmN+EgEM=
